
Microsoft Visual Studio Solution File, Format Version 12.00
# Visual Studio Version 16
VisualStudioVersion = 16.0.31605.320
MinimumVisualStudioVersion = 10.0.40219.1
Project("{FAE04EC0-301F-11D3-BF4B-00C04F79EFBC}") = "WpfApp5", "WpfApp5\WpfApp5.csproj", "{62F01033-5B4B-4002-BAFD-DE5D9226428B}"
EndProject
Project("{C7167F0D-BC9F-4E6E-AFE1-012C56B48DB5}") = "WapProjTemplate1", "WapProjTemplate1\WapProjTemplate1.wapproj", "{F6B88D1C-9B0D-406D-B3FC-8CEEF3B70F8A}"
EndProject
Project("{C7167F0D-BC9F-4E6E-AFE1-012C56B48DB5}") = "WapProjTemplate1.Demo", "WapProjTemplate1.Demo\WapProjTemplate1.Demo.wapproj", "{71DAC0F6-BF63-45FD-9F4A-4F6135207221}"
EndProject
Global
	GlobalSection(SolutionConfigurationPlatforms) = preSolution
		Debug|Any CPU = Debug|Any CPU
		Debug|ARM = Debug|ARM
		Debug|ARM64 = Debug|ARM64
		Debug|x64 = Debug|x64
		Debug|x86 = Debug|x86
		Release|Any CPU = Release|Any CPU
		Release|ARM = Release|ARM
		Release|ARM64 = Release|ARM64
		Release|x64 = Release|x64
		Release|x86 = Release|x86
	EndGlobalSection
	GlobalSection(ProjectConfigurationPlatforms) = postSolution
		{62F01033-5B4B-4002-BAFD-DE5D9226428B}.Debug|Any CPU.ActiveCfg = Debug|Any CPU
		{62F01033-5B4B-4002-BAFD-DE5D9226428B}.Debug|Any CPU.Build.0 = Debug|Any CPU
		{62F01033-5B4B-4002-BAFD-DE5D9226428B}.Debug|ARM.ActiveCfg = Debug|Any CPU
		{62F01033-5B4B-4002-BAFD-DE5D9226428B}.Debug|ARM.Build.0 = Debug|Any CPU
		{62F01033-5B4B-4002-BAFD-DE5D9226428B}.Debug|ARM64.ActiveCfg = Debug|Any CPU
		{62F01033-5B4B-4002-BAFD-DE5D9226428B}.Debug|ARM64.Build.0 = Debug|Any CPU
		{62F01033-5B4B-4002-BAFD-DE5D9226428B}.Debug|x64.ActiveCfg = Debug|Any CPU
		{62F01033-5B4B-4002-BAFD-DE5D9226428B}.Debug|x64.Build.0 = Debug|Any CPU
		{62F01033-5B4B-4002-BAFD-DE5D9226428B}.Debug|x86.ActiveCfg = Debug|Any CPU
		{62F01033-5B4B-4002-BAFD-DE5D9226428B}.Debug|x86.Build.0 = Debug|Any CPU
		{62F01033-5B4B-4002-BAFD-DE5D9226428B}.Release|Any CPU.ActiveCfg = Release|Any CPU
		{62F01033-5B4B-4002-BAFD-DE5D9226428B}.Release|Any CPU.Build.0 = Release|Any CPU
		{62F01033-5B4B-4002-BAFD-DE5D9226428B}.Release|ARM.ActiveCfg = Release|Any CPU
		{62F01033-5B4B-4002-BAFD-DE5D9226428B}.Release|ARM.Build.0 = Release|Any CPU
		{62F01033-5B4B-4002-BAFD-DE5D9226428B}.Release|ARM64.ActiveCfg = Release|Any CPU
		{62F01033-5B4B-4002-BAFD-DE5D9226428B}.Release|ARM64.Build.0 = Release|Any CPU
		{62F01033-5B4B-4002-BAFD-DE5D9226428B}.Release|x64.ActiveCfg = Release|Any CPU
		{62F01033-5B4B-4002-BAFD-DE5D9226428B}.Release|x64.Build.0 = Release|Any CPU
		{62F01033-5B4B-4002-BAFD-DE5D9226428B}.Release|x86.ActiveCfg = Release|Any CPU
		{62F01033-5B4B-4002-BAFD-DE5D9226428B}.Release|x86.Build.0 = Release|Any CPU
		{F6B88D1C-9B0D-406D-B3FC-8CEEF3B70F8A}.Debug|Any CPU.ActiveCfg = Debug|Any CPU
		{F6B88D1C-9B0D-406D-B3FC-8CEEF3B70F8A}.Debug|Any CPU.Build.0 = Debug|Any CPU
		{F6B88D1C-9B0D-406D-B3FC-8CEEF3B70F8A}.Debug|Any CPU.Deploy.0 = Debug|Any CPU
		{F6B88D1C-9B0D-406D-B3FC-8CEEF3B70F8A}.Debug|ARM.ActiveCfg = Debug|ARM
		{F6B88D1C-9B0D-406D-B3FC-8CEEF3B70F8A}.Debug|ARM.Build.0 = Debug|ARM
		{F6B88D1C-9B0D-406D-B3FC-8CEEF3B70F8A}.Debug|ARM.Deploy.0 = Debug|ARM
		{F6B88D1C-9B0D-406D-B3FC-8CEEF3B70F8A}.Debug|ARM64.ActiveCfg = Debug|ARM64
		{F6B88D1C-9B0D-406D-B3FC-8CEEF3B70F8A}.Debug|ARM64.Build.0 = Debug|ARM64
		{F6B88D1C-9B0D-406D-B3FC-8CEEF3B70F8A}.Debug|ARM64.Deploy.0 = Debug|ARM64
		{F6B88D1C-9B0D-406D-B3FC-8CEEF3B70F8A}.Debug|x64.ActiveCfg = Debug|x64
		{F6B88D1C-9B0D-406D-B3FC-8CEEF3B70F8A}.Debug|x64.Build.0 = Debug|x64
		{F6B88D1C-9B0D-406D-B3FC-8CEEF3B70F8A}.Debug|x64.Deploy.0 = Debug|x64
		{F6B88D1C-9B0D-406D-B3FC-8CEEF3B70F8A}.Debug|x86.ActiveCfg = Debug|x86
		{F6B88D1C-9B0D-406D-B3FC-8CEEF3B70F8A}.Debug|x86.Build.0 = Debug|x86
		{F6B88D1C-9B0D-406D-B3FC-8CEEF3B70F8A}.Debug|x86.Deploy.0 = Debug|x86
		{F6B88D1C-9B0D-406D-B3FC-8CEEF3B70F8A}.Release|Any CPU.ActiveCfg = Release|Any CPU
		{F6B88D1C-9B0D-406D-B3FC-8CEEF3B70F8A}.Release|Any CPU.Build.0 = Release|Any CPU
		{F6B88D1C-9B0D-406D-B3FC-8CEEF3B70F8A}.Release|Any CPU.Deploy.0 = Release|Any CPU
		{F6B88D1C-9B0D-406D-B3FC-8CEEF3B70F8A}.Release|ARM.ActiveCfg = Release|ARM
		{F6B88D1C-9B0D-406D-B3FC-8CEEF3B70F8A}.Release|ARM.Build.0 = Release|ARM
		{F6B88D1C-9B0D-406D-B3FC-8CEEF3B70F8A}.Release|ARM.Deploy.0 = Release|ARM
		{F6B88D1C-9B0D-406D-B3FC-8CEEF3B70F8A}.Release|ARM64.ActiveCfg = Release|ARM64
		{F6B88D1C-9B0D-406D-B3FC-8CEEF3B70F8A}.Release|ARM64.Build.0 = Release|ARM64
		{F6B88D1C-9B0D-406D-B3FC-8CEEF3B70F8A}.Release|ARM64.Deploy.0 = Release|ARM64
		{F6B88D1C-9B0D-406D-B3FC-8CEEF3B70F8A}.Release|x64.ActiveCfg = Release|x64
		{F6B88D1C-9B0D-406D-B3FC-8CEEF3B70F8A}.Release|x64.Build.0 = Release|x64
		{F6B88D1C-9B0D-406D-B3FC-8CEEF3B70F8A}.Release|x64.Deploy.0 = Release|x64
		{F6B88D1C-9B0D-406D-B3FC-8CEEF3B70F8A}.Release|x86.ActiveCfg = Release|x86
		{F6B88D1C-9B0D-406D-B3FC-8CEEF3B70F8A}.Release|x86.Build.0 = Release|x86
		{F6B88D1C-9B0D-406D-B3FC-8CEEF3B70F8A}.Release|x86.Deploy.0 = Release|x86
		{71DAC0F6-BF63-45FD-9F4A-4F6135207221}.Debug|Any CPU.ActiveCfg = Debug|Any CPU
		{71DAC0F6-BF63-45FD-9F4A-4F6135207221}.Debug|Any CPU.Build.0 = Debug|Any CPU
		{71DAC0F6-BF63-45FD-9F4A-4F6135207221}.Debug|Any CPU.Deploy.0 = Debug|Any CPU
		{71DAC0F6-BF63-45FD-9F4A-4F6135207221}.Debug|ARM.ActiveCfg = Debug|ARM
		{71DAC0F6-BF63-45FD-9F4A-4F6135207221}.Debug|ARM.Build.0 = Debug|ARM
		{71DAC0F6-BF63-45FD-9F4A-4F6135207221}.Debug|ARM.Deploy.0 = Debug|ARM
		{71DAC0F6-BF63-45FD-9F4A-4F6135207221}.Debug|ARM64.ActiveCfg = Debug|ARM64
		{71DAC0F6-BF63-45FD-9F4A-4F6135207221}.Debug|ARM64.Build.0 = Debug|ARM64
		{71DAC0F6-BF63-45FD-9F4A-4F6135207221}.Debug|ARM64.Deploy.0 = Debug|ARM64
		{71DAC0F6-BF63-45FD-9F4A-4F6135207221}.Debug|x64.ActiveCfg = Debug|x64
		{71DAC0F6-BF63-45FD-9F4A-4F6135207221}.Debug|x64.Build.0 = Debug|x64
		{71DAC0F6-BF63-45FD-9F4A-4F6135207221}.Debug|x64.Deploy.0 = Debug|x64
		{71DAC0F6-BF63-45FD-9F4A-4F6135207221}.Debug|x86.ActiveCfg = Debug|x86
		{71DAC0F6-BF63-45FD-9F4A-4F6135207221}.Debug|x86.Build.0 = Debug|x86
		{71DAC0F6-BF63-45FD-9F4A-4F6135207221}.Debug|x86.Deploy.0 = Debug|x86
		{71DAC0F6-BF63-45FD-9F4A-4F6135207221}.Release|Any CPU.ActiveCfg = Release|Any CPU
		{71DAC0F6-BF63-45FD-9F4A-4F6135207221}.Release|Any CPU.Build.0 = Release|Any CPU
		{71DAC0F6-BF63-45FD-9F4A-4F6135207221}.Release|Any CPU.Deploy.0 = Release|Any CPU
		{71DAC0F6-BF63-45FD-9F4A-4F6135207221}.Release|ARM.ActiveCfg = Release|ARM
		{71DAC0F6-BF63-45FD-9F4A-4F6135207221}.Release|ARM.Build.0 = Release|ARM
		{71DAC0F6-BF63-45FD-9F4A-4F6135207221}.Release|ARM.Deploy.0 = Release|ARM
		{71DAC0F6-BF63-45FD-9F4A-4F6135207221}.Release|ARM64.ActiveCfg = Release|ARM64
		{71DAC0F6-BF63-45FD-9F4A-4F6135207221}.Release|ARM64.Build.0 = Release|ARM64
		{71DAC0F6-BF63-45FD-9F4A-4F6135207221}.Release|ARM64.Deploy.0 = Release|ARM64
		{71DAC0F6-BF63-45FD-9F4A-4F6135207221}.Release|x64.ActiveCfg = Release|x64
		{71DAC0F6-BF63-45FD-9F4A-4F6135207221}.Release|x64.Build.0 = Release|x64
		{71DAC0F6-BF63-45FD-9F4A-4F6135207221}.Release|x64.Deploy.0 = Release|x64
		{71DAC0F6-BF63-45FD-9F4A-4F6135207221}.Release|x86.ActiveCfg = Release|x86
		{71DAC0F6-BF63-45FD-9F4A-4F6135207221}.Release|x86.Build.0 = Release|x86
		{71DAC0F6-BF63-45FD-9F4A-4F6135207221}.Release|x86.Deploy.0 = Release|x86
	EndGlobalSection
	GlobalSection(SolutionProperties) = preSolution
		HideSolutionNode = FALSE
	EndGlobalSection
	GlobalSection(ExtensibilityGlobals) = postSolution
		SolutionGuid = {F6F012CA-7AC0-4126-ACBD-0C8783821B38}
	EndGlobalSection
EndGlobal
